
Microsoft Visual Studio Solution File, Format Version 12.00
# Visual Studio Version 17
VisualStudioVersion = 17.0.31903.59
MinimumVisualStudioVersion = 10.0.40219.1
Project("{2150E333-8FDC-42A3-9474-1A3956D46DE8}") = "Sources", "Sources", "{F584E33A-4FC6-40E8-B73F-63910B07B9E9}"
EndProject
Project("{2150E333-8FDC-42A3-9474-1A3956D46DE8}") = "Core", "Core", "{192AE1AF-B571-411E-B217-060AA2850212}"
EndProject
Project("{FAE04EC0-301F-11D3-BF4B-00C04F79EFBC}") = "Core.Domain", "Sources\Core\Core.Domain\Core.Domain.csproj", "{736BA29B-5FDB-4361-952D-7C796A35E9BB}"
EndProject
Project("{FAE04EC0-301F-11D3-BF4B-00C04F79EFBC}") = "Core.Application", "Sources\Core\Core.Application\Core.Application.csproj", "{0D96DB3F-2CE4-4906-815B-07144D4C657B}"
EndProject
Project("{2150E333-8FDC-42A3-9474-1A3956D46DE8}") = "Infra", "Infra", "{1650A7F5-95CB-43AE-8057-D6DB7C1906B1}"
EndProject
Project("{FAE04EC0-301F-11D3-BF4B-00C04F79EFBC}") = "Infra.Persistence", "Sources\Infra\Infra.Persistence\Infra.Persistence.csproj", "{1779E1D6-5A84-44B8-8B6C-AA23AF562B8B}"
EndProject
Project("{2150E333-8FDC-42A3-9474-1A3956D46DE8}") = "Presentation", "Presentation", "{893B7963-3874-4CBA-A1E0-A0FA8300B3F3}"
EndProject
Project("{2150E333-8FDC-42A3-9474-1A3956D46DE8}") = "Tests", "Tests", "{D81476EE-0F3D-46B3-976B-DF2BEEB88C04}"
EndProject
Project("{FAE04EC0-301F-11D3-BF4B-00C04F79EFBC}") = "Tests.Unit", "Tests\Tests.Unit\Tests.Unit.csproj", "{B8E51A7B-655B-4612-A5BD-7F764B17FDC9}"
EndProject
Project("{FAE04EC0-301F-11D3-BF4B-00C04F79EFBC}") = "Infra.Shared", "Sources\Infra\Infra.Shared\Infra.Shared.csproj", "{45D8CA4A-26D3-4410-B630-D35CB963E818}"
EndProject
Project("{2150E333-8FDC-42A3-9474-1A3956D46DE8}") = "Lib", "Lib", "{3C1BF1A1-7E24-4E8C-92D9-9FBCF2C791C4}"
EndProject
Project("{FAE04EC0-301F-11D3-BF4B-00C04F79EFBC}") = "Lib.Notification", "Sources\Lib\Lib.Notification\Lib.Notification.csproj", "{F5BD3682-52E7-4F58-93A7-FB3F218E9DA4}"
EndProject
Project("{FAE04EC0-301F-11D3-BF4B-00C04F79EFBC}") = "Presentation.WebApi", "Sources\Presentation\Presentation.WebApi\Presentation.WebApi.csproj", "{8293ADB1-B537-43E8-9E2F-3976928D2A5B}"
EndProject
Global
	GlobalSection(SolutionConfigurationPlatforms) = preSolution
		Debug|Any CPU = Debug|Any CPU
		Release|Any CPU = Release|Any CPU
	EndGlobalSection
	GlobalSection(SolutionProperties) = preSolution
		HideSolutionNode = FALSE
	EndGlobalSection
	GlobalSection(ProjectConfigurationPlatforms) = postSolution
		{736BA29B-5FDB-4361-952D-7C796A35E9BB}.Debug|Any CPU.ActiveCfg = Debug|Any CPU
		{736BA29B-5FDB-4361-952D-7C796A35E9BB}.Debug|Any CPU.Build.0 = Debug|Any CPU
		{736BA29B-5FDB-4361-952D-7C796A35E9BB}.Release|Any CPU.ActiveCfg = Release|Any CPU
		{736BA29B-5FDB-4361-952D-7C796A35E9BB}.Release|Any CPU.Build.0 = Release|Any CPU
		{0D96DB3F-2CE4-4906-815B-07144D4C657B}.Debug|Any CPU.ActiveCfg = Debug|Any CPU
		{0D96DB3F-2CE4-4906-815B-07144D4C657B}.Debug|Any CPU.Build.0 = Debug|Any CPU
		{0D96DB3F-2CE4-4906-815B-07144D4C657B}.Release|Any CPU.ActiveCfg = Release|Any CPU
		{0D96DB3F-2CE4-4906-815B-07144D4C657B}.Release|Any CPU.Build.0 = Release|Any CPU
		{0C490629-0EF4-4C31-A842-5E2EA02D6838}.Debug|Any CPU.ActiveCfg = Debug|Any CPU
		{0C490629-0EF4-4C31-A842-5E2EA02D6838}.Debug|Any CPU.Build.0 = Debug|Any CPU
		{0C490629-0EF4-4C31-A842-5E2EA02D6838}.Release|Any CPU.ActiveCfg = Release|Any CPU
		{0C490629-0EF4-4C31-A842-5E2EA02D6838}.Release|Any CPU.Build.0 = Release|Any CPU
		{1779E1D6-5A84-44B8-8B6C-AA23AF562B8B}.Debug|Any CPU.ActiveCfg = Debug|Any CPU
		{1779E1D6-5A84-44B8-8B6C-AA23AF562B8B}.Debug|Any CPU.Build.0 = Debug|Any CPU
		{1779E1D6-5A84-44B8-8B6C-AA23AF562B8B}.Release|Any CPU.ActiveCfg = Release|Any CPU
		{1779E1D6-5A84-44B8-8B6C-AA23AF562B8B}.Release|Any CPU.Build.0 = Release|Any CPU
		{1AF696A5-4545-4503-9370-77B0DC4280AD}.Debug|Any CPU.ActiveCfg = Debug|Any CPU
		{1AF696A5-4545-4503-9370-77B0DC4280AD}.Debug|Any CPU.Build.0 = Debug|Any CPU
		{1AF696A5-4545-4503-9370-77B0DC4280AD}.Release|Any CPU.ActiveCfg = Release|Any CPU
		{1AF696A5-4545-4503-9370-77B0DC4280AD}.Release|Any CPU.Build.0 = Release|Any CPU
		{AE316B46-0BA6-4118-AE74-EA5F50B4F28A}.Debug|Any CPU.ActiveCfg = Debug|Any CPU
		{AE316B46-0BA6-4118-AE74-EA5F50B4F28A}.Debug|Any CPU.Build.0 = Debug|Any CPU
		{AE316B46-0BA6-4118-AE74-EA5F50B4F28A}.Release|Any CPU.ActiveCfg = Release|Any CPU
		{AE316B46-0BA6-4118-AE74-EA5F50B4F28A}.Release|Any CPU.Build.0 = Release|Any CPU
		{B8E51A7B-655B-4612-A5BD-7F764B17FDC9}.Debug|Any CPU.ActiveCfg = Debug|Any CPU
		{B8E51A7B-655B-4612-A5BD-7F764B17FDC9}.Debug|Any CPU.Build.0 = Debug|Any CPU
		{B8E51A7B-655B-4612-A5BD-7F764B17FDC9}.Release|Any CPU.ActiveCfg = Release|Any CPU
		{B8E51A7B-655B-4612-A5BD-7F764B17FDC9}.Release|Any CPU.Build.0 = Release|Any CPU
		{45D8CA4A-26D3-4410-B630-D35CB963E818}.Debug|Any CPU.ActiveCfg = Debug|Any CPU
		{45D8CA4A-26D3-4410-B630-D35CB963E818}.Debug|Any CPU.Build.0 = Debug|Any CPU
		{45D8CA4A-26D3-4410-B630-D35CB963E818}.Release|Any CPU.ActiveCfg = Release|Any CPU
		{45D8CA4A-26D3-4410-B630-D35CB963E818}.Release|Any CPU.Build.0 = Release|Any CPU
		{F5BD3682-52E7-4F58-93A7-FB3F218E9DA4}.Debug|Any CPU.ActiveCfg = Debug|Any CPU
		{F5BD3682-52E7-4F58-93A7-FB3F218E9DA4}.Debug|Any CPU.Build.0 = Debug|Any CPU
		{F5BD3682-52E7-4F58-93A7-FB3F218E9DA4}.Release|Any CPU.ActiveCfg = Release|Any CPU
		{F5BD3682-52E7-4F58-93A7-FB3F218E9DA4}.Release|Any CPU.Build.0 = Release|Any CPU
		{8293ADB1-B537-43E8-9E2F-3976928D2A5B}.Debug|Any CPU.ActiveCfg = Debug|Any CPU
		{8293ADB1-B537-43E8-9E2F-3976928D2A5B}.Debug|Any CPU.Build.0 = Debug|Any CPU
		{8293ADB1-B537-43E8-9E2F-3976928D2A5B}.Release|Any CPU.ActiveCfg = Release|Any CPU
		{8293ADB1-B537-43E8-9E2F-3976928D2A5B}.Release|Any CPU.Build.0 = Release|Any CPU
	EndGlobalSection
	GlobalSection(NestedProjects) = preSolution
		{192AE1AF-B571-411E-B217-060AA2850212} = {F584E33A-4FC6-40E8-B73F-63910B07B9E9}
		{736BA29B-5FDB-4361-952D-7C796A35E9BB} = {192AE1AF-B571-411E-B217-060AA2850212}
		{0D96DB3F-2CE4-4906-815B-07144D4C657B} = {192AE1AF-B571-411E-B217-060AA2850212}
		{1650A7F5-95CB-43AE-8057-D6DB7C1906B1} = {F584E33A-4FC6-40E8-B73F-63910B07B9E9}
		{1779E1D6-5A84-44B8-8B6C-AA23AF562B8B} = {1650A7F5-95CB-43AE-8057-D6DB7C1906B1}
		{893B7963-3874-4CBA-A1E0-A0FA8300B3F3} = {F584E33A-4FC6-40E8-B73F-63910B07B9E9}
		{B8E51A7B-655B-4612-A5BD-7F764B17FDC9} = {D81476EE-0F3D-46B3-976B-DF2BEEB88C04}
		{45D8CA4A-26D3-4410-B630-D35CB963E818} = {1650A7F5-95CB-43AE-8057-D6DB7C1906B1}
		{3C1BF1A1-7E24-4E8C-92D9-9FBCF2C791C4} = {F584E33A-4FC6-40E8-B73F-63910B07B9E9}
		{F5BD3682-52E7-4F58-93A7-FB3F218E9DA4} = {3C1BF1A1-7E24-4E8C-92D9-9FBCF2C791C4}
		{8293ADB1-B537-43E8-9E2F-3976928D2A5B} = {893B7963-3874-4CBA-A1E0-A0FA8300B3F3}
	EndGlobalSection
EndGlobal
